
Microsoft Visual Studio Solution File, Format Version 12.00
# Visual Studio Version 17
VisualStudioVersion = 17.8.34212.112
MinimumVisualStudioVersion = 10.0.40219.1
Project("{FAE04EC0-301F-11D3-BF4B-00C04F79EFBC}") = "BillManager", "BillManager.csproj", "{703CCE07-3BB9-4294-AA44-906CCBA83AFB}"
EndProject
Global
	GlobalSection(SolutionConfigurationPlatforms) = preSolution
		Debug|Any CPU = Debug|Any CPU
		Release|Any CPU = Release|Any CPU
	EndGlobalSection
	GlobalSection(ProjectConfigurationPlatforms) = postSolution
		{703CCE07-3BB9-4294-AA44-906CCBA83AFB}.Debug|Any CPU.ActiveCfg = Debug|Any CPU
		{703CCE07-3BB9-4294-AA44-906CCBA83AFB}.Debug|Any CPU.Build.0 = Debug|Any CPU
		{703CCE07-3BB9-4294-AA44-906CCBA83AFB}.Release|Any CPU.ActiveCfg = Release|Any CPU
		{703CCE07-3BB9-4294-AA44-906CCBA83AFB}.Release|Any CPU.Build.0 = Release|Any CPU
	EndGlobalSection
	GlobalSection(SolutionProperties) = preSolution
		HideSolutionNode = FALSE
	EndGlobalSection
	GlobalSection(ExtensibilityGlobals) = postSolution
		SolutionGuid = {66105B6D-14BD-47F8-81B4-C2716EEFFC8C}
	EndGlobalSection
EndGlobal
